
Microsoft Visual Studio Solution File, Format Version 12.00
# Visual Studio Version 16
VisualStudioVersion = 25.0.1706.0
MinimumVisualStudioVersion = 10.0.40219.1
Project("{FAE04EC0-301F-11D3-BF4B-00C04F79EFBC}") = "AdCreative", "AdCreative\AdCreative.csproj", "{53ED0348-708A-4211-BAFA-7C9B5D58BB29}"
EndProject
Global
	GlobalSection(SolutionConfigurationPlatforms) = preSolution
		Debug|Any CPU = Debug|Any CPU
		Release|Any CPU = Release|Any CPU
	EndGlobalSection
	GlobalSection(ProjectConfigurationPlatforms) = postSolution
		{53ED0348-708A-4211-BAFA-7C9B5D58BB29}.Debug|Any CPU.ActiveCfg = Debug|Any CPU
		{53ED0348-708A-4211-BAFA-7C9B5D58BB29}.Debug|Any CPU.Build.0 = Debug|Any CPU
		{53ED0348-708A-4211-BAFA-7C9B5D58BB29}.Release|Any CPU.ActiveCfg = Release|Any CPU
		{53ED0348-708A-4211-BAFA-7C9B5D58BB29}.Release|Any CPU.Build.0 = Release|Any CPU
	EndGlobalSection
	GlobalSection(SolutionProperties) = preSolution
		HideSolutionNode = FALSE
	EndGlobalSection
	GlobalSection(ExtensibilityGlobals) = postSolution
		SolutionGuid = {43DF34BC-6104-433F-9008-115B469639EC}
	EndGlobalSection
EndGlobal
